
Microsoft Visual Studio Solution File, Format Version 12.00
# Visual Studio Version 16
VisualStudioVersion = 16.0.31829.152
MinimumVisualStudioVersion = 10.0.40219.1
Project("{FAE04EC0-301F-11D3-BF4B-00C04F79EFBC}") = "Memento", "Memento\Memento.csproj", "{A414D64C-DCE4-4C89-A442-738566478376}"
EndProject
Global
	GlobalSection(SolutionConfigurationPlatforms) = preSolution
		Debug|Any CPU = Debug|Any CPU
		Release|Any CPU = Release|Any CPU
	EndGlobalSection
	GlobalSection(ProjectConfigurationPlatforms) = postSolution
		{A414D64C-DCE4-4C89-A442-738566478376}.Debug|Any CPU.ActiveCfg = Debug|Any CPU
		{A414D64C-DCE4-4C89-A442-738566478376}.Debug|Any CPU.Build.0 = Debug|Any CPU
		{A414D64C-DCE4-4C89-A442-738566478376}.Release|Any CPU.ActiveCfg = Release|Any CPU
		{A414D64C-DCE4-4C89-A442-738566478376}.Release|Any CPU.Build.0 = Release|Any CPU
	EndGlobalSection
	GlobalSection(SolutionProperties) = preSolution
		HideSolutionNode = FALSE
	EndGlobalSection
	GlobalSection(ExtensibilityGlobals) = postSolution
		SolutionGuid = {E14CD455-751E-4E16-B13A-E3EE5EA33EF1}
	EndGlobalSection
EndGlobal
